{
  "name": "wlpapp",
  "version": "0.1.0",
  "lockfileVersion": 3,
  "requires": true,
  "packages": {
    "": {
      "name": "wlpapp",
      "version": "0.1.0",
      "license": "UNLICENSED",
      "workspaces": [
        "apps/*"
      ]
    },
    "apps/api": {
      "name": "@wlpapp/api",
      "version": "0.1.0"
    },
    "apps/web": {
      "name": "@wlpapp/web",
      "version": "0.1.0"
    },
    "node_modules/@wlpapp/api": {
      "resolved": "apps/api",
      "link": true
    },
    "node_modules/@wlpapp/web": {
      "resolved": "apps/web",
      "link": true
    }
  }
}
